
Microsoft Visual Studio Solution File, Format Version 12.00
# Visual Studio Version 17
VisualStudioVersion = 17.10.35122.118
MinimumVisualStudioVersion = 10.0.40219.1
Project("{FAE04EC0-301F-11D3-BF4B-00C04F79EFBC}") = "Calculator Final Design- Keanan", "Calculator Final Design- Keanan\Calculator Final Design- Keanan.csproj", "{4C70E221-A090-4428-A237-4B18CD7AE6E6}"
EndProject
Global
	GlobalSection(SolutionConfigurationPlatforms) = preSolution
		Debug|Any CPU = Debug|Any CPU
		Release|Any CPU = Release|Any CPU
	EndGlobalSection
	GlobalSection(ProjectConfigurationPlatforms) = postSolution
		{4C70E221-A090-4428-A237-4B18CD7AE6E6}.Debug|Any CPU.ActiveCfg = Debug|Any CPU
		{4C70E221-A090-4428-A237-4B18CD7AE6E6}.Debug|Any CPU.Build.0 = Debug|Any CPU
		{4C70E221-A090-4428-A237-4B18CD7AE6E6}.Release|Any CPU.ActiveCfg = Release|Any CPU
		{4C70E221-A090-4428-A237-4B18CD7AE6E6}.Release|Any CPU.Build.0 = Release|Any CPU
	EndGlobalSection
	GlobalSection(SolutionProperties) = preSolution
		HideSolutionNode = FALSE
	EndGlobalSection
	GlobalSection(ExtensibilityGlobals) = postSolution
		SolutionGuid = {FD36476D-5FCE-4F2B-9FAC-AD8803A44890}
	EndGlobalSection
EndGlobal
